
Microsoft Visual Studio Solution File, Format Version 12.00
# Visual Studio Version 16
VisualStudioVersion = 16.0.30907.101
MinimumVisualStudioVersion = 10.0.40219.1
Project("{FAE04EC0-301F-11D3-BF4B-00C04F79EFBC}") = "TamagotchiUI", "TamagotchiUI\TamagotchiUI.csproj", "{623B76F3-0E02-444A-82A2-1F3ECBDF1FF3}"
EndProject
Global
	GlobalSection(SolutionConfigurationPlatforms) = preSolution
		Debug|Any CPU = Debug|Any CPU
		Release|Any CPU = Release|Any CPU
	EndGlobalSection
	GlobalSection(ProjectConfigurationPlatforms) = postSolution
		{623B76F3-0E02-444A-82A2-1F3ECBDF1FF3}.Debug|Any CPU.ActiveCfg = Debug|Any CPU
		{623B76F3-0E02-444A-82A2-1F3ECBDF1FF3}.Debug|Any CPU.Build.0 = Debug|Any CPU
		{623B76F3-0E02-444A-82A2-1F3ECBDF1FF3}.Release|Any CPU.ActiveCfg = Release|Any CPU
		{623B76F3-0E02-444A-82A2-1F3ECBDF1FF3}.Release|Any CPU.Build.0 = Release|Any CPU
	EndGlobalSection
	GlobalSection(SolutionProperties) = preSolution
		HideSolutionNode = FALSE
	EndGlobalSection
	GlobalSection(ExtensibilityGlobals) = postSolution
		SolutionGuid = {6F66CD39-E9EF-4963-AEFC-44B8953AA9E0}
	EndGlobalSection
EndGlobal
